
Microsoft Visual Studio Solution File, Format Version 12.00
# Visual Studio Version 16
VisualStudioVersion = 16.0.31702.278
MinimumVisualStudioVersion = 10.0.40219.1
Project("{FAE04EC0-301F-11D3-BF4B-00C04F79EFBC}") = "WebApplication1", "WebApplication1\WebApplication1.csproj", "{AA6789D7-2BDB-4956-ADD7-5BB3C87821D4}"
EndProject
Global
	GlobalSection(SolutionConfigurationPlatforms) = preSolution
		Debug|Any CPU = Debug|Any CPU
		Release|Any CPU = Release|Any CPU
	EndGlobalSection
	GlobalSection(ProjectConfigurationPlatforms) = postSolution
		{AA6789D7-2BDB-4956-ADD7-5BB3C87821D4}.Debug|Any CPU.ActiveCfg = Debug|Any CPU
		{AA6789D7-2BDB-4956-ADD7-5BB3C87821D4}.Debug|Any CPU.Build.0 = Debug|Any CPU
		{AA6789D7-2BDB-4956-ADD7-5BB3C87821D4}.Release|Any CPU.ActiveCfg = Release|Any CPU
		{AA6789D7-2BDB-4956-ADD7-5BB3C87821D4}.Release|Any CPU.Build.0 = Release|Any CPU
	EndGlobalSection
	GlobalSection(SolutionProperties) = preSolution
		HideSolutionNode = FALSE
	EndGlobalSection
	GlobalSection(ExtensibilityGlobals) = postSolution
		SolutionGuid = {36FF3381-F335-490A-B075-A815F05CDFF6}
	EndGlobalSection
EndGlobal
