
Microsoft Visual Studio Solution File, Format Version 12.00
# Visual Studio Version 16
VisualStudioVersion = 16.0.31702.278
MinimumVisualStudioVersion = 10.0.40219.1
Project("{FAE04EC0-301F-11D3-BF4B-00C04F79EFBC}") = "WebApplication4", "WebApplication4\WebApplication4.csproj", "{3671A0DE-6F91-44D7-9AC3-131467365260}"
EndProject
Global
	GlobalSection(SolutionConfigurationPlatforms) = preSolution
		Debug|Any CPU = Debug|Any CPU
		Release|Any CPU = Release|Any CPU
	EndGlobalSection
	GlobalSection(ProjectConfigurationPlatforms) = postSolution
		{3671A0DE-6F91-44D7-9AC3-131467365260}.Debug|Any CPU.ActiveCfg = Debug|Any CPU
		{3671A0DE-6F91-44D7-9AC3-131467365260}.Debug|Any CPU.Build.0 = Debug|Any CPU
		{3671A0DE-6F91-44D7-9AC3-131467365260}.Release|Any CPU.ActiveCfg = Release|Any CPU
		{3671A0DE-6F91-44D7-9AC3-131467365260}.Release|Any CPU.Build.0 = Release|Any CPU
	EndGlobalSection
	GlobalSection(SolutionProperties) = preSolution
		HideSolutionNode = FALSE
	EndGlobalSection
	GlobalSection(ExtensibilityGlobals) = postSolution
		SolutionGuid = {F742F1C0-ED4C-44E0-BB1E-8BB2BEE56FCA}
	EndGlobalSection
EndGlobal
